// !$*UTF8*$!
{
	archiveVersion = 1;
	classes = {
	};
	objectVersion = 55;
	objects = {

/* Begin PBXBuildFile section */
		E347BD16275753A400CE1D8E /* FavoriteButton.swift in Sources */ = {isa = PBXBuildFile; fileRef = E347BD15275753A400CE1D8E /* FavoriteButton.swift */; };
		E35EDBA12755E6780069AAA9 /* landmarkData.json in Resources */ = {isa = PBXBuildFile; fileRef = E35EDBA02755E6780069AAA9 /* landmarkData.json */; };
		E35EDBA32755E6990069AAA9 /* Landmark.swift in Sources */ = {isa = PBXBuildFile; fileRef = E35EDBA22755E6990069AAA9 /* Landmark.swift */; };
		E35EDBA52755E86D0069AAA9 /* ModelData.swift in Sources */ = {isa = PBXBuildFile; fileRef = E35EDBA42755E86D0069AAA9 /* ModelData.swift */; };
		E35EDBAD275604C30069AAA9 /* LandmarkRow.swift in Sources */ = {isa = PBXBuildFile; fileRef = E35EDBAC275604C30069AAA9 /* LandmarkRow.swift */; };
		E35EDBAF275615B30069AAA9 /* LandmarkList.swift in Sources */ = {isa = PBXBuildFile; fileRef = E35EDBAE275615B30069AAA9 /* LandmarkList.swift */; };
		E35EDBB12756FE050069AAA9 /* LandmarkDetail.swift in Sources */ = {isa = PBXBuildFile; fileRef = E35EDBB02756FE050069AAA9 /* LandmarkDetail.swift */; };
		E377102527605AC3000A5539 /* HexagonParameters.swift in Sources */ = {isa = PBXBuildFile; fileRef = E377102427605AC3000A5539 /* HexagonParameters.swift */; };
		E377102727606F6A000A5539 /* BadgeBackground.swift in Sources */ = {isa = PBXBuildFile; fileRef = E377102627606F6A000A5539 /* BadgeBackground.swift */; };
		E3771029276084FE000A5539 /* BadgeSymbol.swift in Sources */ = {isa = PBXBuildFile; fileRef = E3771028276084FE000A5539 /* BadgeSymbol.swift */; };
		E377102B276089B4000A5539 /* RotatedBadgeSymbol.swift in Sources */ = {isa = PBXBuildFile; fileRef = E377102A276089B4000A5539 /* RotatedBadgeSymbol.swift */; };
		E377102D27608B32000A5539 /* Badge.swift in Sources */ = {isa = PBXBuildFile; fileRef = E377102C27608B32000A5539 /* Badge.swift */; };
		E3EBEC622765A33C00FB1B1F /* hikeData.json in Resources */ = {isa = PBXBuildFile; fileRef = E3EBEC612765A33C00FB1B1F /* hikeData.json */; };
		E3EBEC642765A36C00FB1B1F /* Hike.swift in Sources */ = {isa = PBXBuildFile; fileRef = E3EBEC632765A36C00FB1B1F /* Hike.swift */; };
		E3EBEC6A2765A85C00FB1B1F /* GraphCapsule.swift in Sources */ = {isa = PBXBuildFile; fileRef = E3EBEC662765A85C00FB1B1F /* GraphCapsule.swift */; };
		E3EBEC6B2765A85C00FB1B1F /* HikeGraph.swift in Sources */ = {isa = PBXBuildFile; fileRef = E3EBEC672765A85C00FB1B1F /* HikeGraph.swift */; };
		E3EBEC6C2765A85C00FB1B1F /* HikeDetail.swift in Sources */ = {isa = PBXBuildFile; fileRef = E3EBEC682765A85C00FB1B1F /* HikeDetail.swift */; };
		E3EBEC6D2765A85C00FB1B1F /* HikeView.swift in Sources */ = {isa = PBXBuildFile; fileRef = E3EBEC692765A85C00FB1B1F /* HikeView.swift */; };
		E3EBEC702765C27500FB1B1F /* CategoryHome.swift in Sources */ = {isa = PBXBuildFile; fileRef = E3EBEC6F2765C27500FB1B1F /* CategoryHome.swift */; };
		E3EBEC722765CB3900FB1B1F /* CategoryRow.swift in Sources */ = {isa = PBXBuildFile; fileRef = E3EBEC712765CB3900FB1B1F /* CategoryRow.swift */; };
		E3EBEC742765CCBC00FB1B1F /* CategoryItem.swift in Sources */ = {isa = PBXBuildFile; fileRef = E3EBEC732765CCBC00FB1B1F /* CategoryItem.swift */; };
		E3F750952754B573008832C1 /* LandmarksApp.swift in Sources */ = {isa = PBXBuildFile; fileRef = E3F750942754B573008832C1 /* LandmarksApp.swift */; };
		E3F750972754B573008832C1 /* ContentView.swift in Sources */ = {isa = PBXBuildFile; fileRef = E3F750962754B573008832C1 /* ContentView.swift */; };
		E3F750992754B576008832C1 /* Assets.xcassets in Resources */ = {isa = PBXBuildFile; fileRef = E3F750982754B576008832C1 /* Assets.xcassets */; };
		E3F7509C2754B576008832C1 /* Preview Assets.xcassets in Resources */ = {isa = PBXBuildFile; fileRef = E3F7509B2754B576008832C1 /* Preview Assets.xcassets */; };
		E3F750A32754C02E008832C1 /* CircleImage.swift in Sources */ = {isa = PBXBuildFile; fileRef = E3F750A22754C02E008832C1 /* CircleImage.swift */; };
		E3F750A52754C3A5008832C1 /* MapView.swift in Sources */ = {isa = PBXBuildFile; fileRef = E3F750A42754C3A4008832C1 /* MapView.swift */; };
/* End PBXBuildFile section */

/* Begin PBXFileReference section */
		E347BD15275753A400CE1D8E /* FavoriteButton.swift */ = {isa = PBXFileReference; lastKnownFileType = sourcecode.swift; name = FavoriteButton.swift; path = Landmarks/Views/Landmarks/FavoriteButton.swift; sourceTree = SOURCE_ROOT; };
		E35EDBA02755E6780069AAA9 /* landmarkData.json */ = {isa = PBXFileReference; fileEncoding = 4; lastKnownFileType = text.json; path = landmarkData.json; sourceTree = "<group>"; };
		E35EDBA22755E6990069AAA9 /* Landmark.swift */ = {isa = PBXFileReference; lastKnownFileType = sourcecode.swift; path = Landmark.swift; sourceTree = "<group>"; };
		E35EDBA42755E86D0069AAA9 /* ModelData.swift */ = {isa = PBXFileReference; lastKnownFileType = sourcecode.swift; path = ModelData.swift; sourceTree = "<group>"; };
		E35EDBAC275604C30069AAA9 /* LandmarkRow.swift */ = {isa = PBXFileReference; lastKnownFileType = sourcecode.swift; path = LandmarkRow.swift; sourceTree = "<group>"; };
		E35EDBAE275615B30069AAA9 /* LandmarkList.swift */ = {isa = PBXFileReference; lastKnownFileType = sourcecode.swift; path = LandmarkList.swift; sourceTree = "<group>"; };
		E35EDBB02756FE050069AAA9 /* LandmarkDetail.swift */ = {isa = PBXFileReference; lastKnownFileType = sourcecode.swift; path = LandmarkDetail.swift; sourceTree = "<group>"; };
		E377102427605AC3000A5539 /* HexagonParameters.swift */ = {isa = PBXFileReference; lastKnownFileType = sourcecode.swift; path = HexagonParameters.swift; sourceTree = "<group>"; };
		E377102627606F6A000A5539 /* BadgeBackground.swift */ = {isa = PBXFileReference; lastKnownFileType = sourcecode.swift; path = BadgeBackground.swift; sourceTree = "<group>"; };
		E3771028276084FE000A5539 /* BadgeSymbol.swift */ = {isa = PBXFileReference; lastKnownFileType = sourcecode.swift; path = BadgeSymbol.swift; sourceTree = "<group>"; };
		E377102A276089B4000A5539 /* RotatedBadgeSymbol.swift */ = {isa = PBXFileReference; lastKnownFileType = sourcecode.swift; path = RotatedBadgeSymbol.swift; sourceTree = "<group>"; };
		E377102C27608B32000A5539 /* Badge.swift */ = {isa = PBXFileReference; lastKnownFileType = sourcecode.swift; path = Badge.swift; sourceTree = "<group>"; };
		E3EBEC612765A33C00FB1B1F /* hikeData.json */ = {isa = PBXFileReference; fileEncoding = 4; lastKnownFileType = text.json; path = hikeData.json; sourceTree = "<group>"; };
		E3EBEC632765A36C00FB1B1F /* Hike.swift */ = {isa = PBXFileReference; lastKnownFileType = sourcecode.swift; path = Hike.swift; sourceTree = SOURCE_ROOT; };
		E3EBEC662765A85C00FB1B1F /* GraphCapsule.swift */ = {isa = PBXFileReference; fileEncoding = 4; lastKnownFileType = sourcecode.swift; path = GraphCapsule.swift; sourceTree = "<group>"; };
		E3EBEC672765A85C00FB1B1F /* HikeGraph.swift */ = {isa = PBXFileReference; fileEncoding = 4; lastKnownFileType = sourcecode.swift; path = HikeGraph.swift; sourceTree = "<group>"; };
		E3EBEC682765A85C00FB1B1F /* HikeDetail.swift */ = {isa = PBXFileReference; fileEncoding = 4; lastKnownFileType = sourcecode.swift; path = HikeDetail.swift; sourceTree = "<group>"; };
		E3EBEC692765A85C00FB1B1F /* HikeView.swift */ = {isa = PBXFileReference; fileEncoding = 4; lastKnownFileType = sourcecode.swift; path = HikeView.swift; sourceTree = "<group>"; };
		E3EBEC6F2765C27500FB1B1F /* CategoryHome.swift */ = {isa = PBXFileReference; lastKnownFileType = sourcecode.swift; path = CategoryHome.swift; sourceTree = "<group>"; };
		E3EBEC712765CB3900FB1B1F /* CategoryRow.swift */ = {isa = PBXFileReference; lastKnownFileType = sourcecode.swift; path = CategoryRow.swift; sourceTree = "<group>"; };
		E3EBEC732765CCBC00FB1B1F /* CategoryItem.swift */ = {isa = PBXFileReference; lastKnownFileType = sourcecode.swift; path = CategoryItem.swift; sourceTree = "<group>"; };
		E3F750912754B573008832C1 /* Landmarks.app */ = {isa = PBXFileReference; explicitFileType = wrapper.application; includeInIndex = 0; path = Landmarks.app; sourceTree = BUILT_PRODUCTS_DIR; };
		E3F750942754B573008832C1 /* LandmarksApp.swift */ = {isa = PBXFileReference; lastKnownFileType = sourcecode.swift; path = LandmarksApp.swift; sourceTree = "<group>"; };
		E3F750962754B573008832C1 /* ContentView.swift */ = {isa = PBXFileReference; lastKnownFileType = sourcecode.swift; path = ContentView.swift; sourceTree = "<group>"; };
		E3F750982754B576008832C1 /* Assets.xcassets */ = {isa = PBXFileReference; lastKnownFileType = folder.assetcatalog; path = Assets.xcassets; sourceTree = "<group>"; };
		E3F7509B2754B576008832C1 /* Preview Assets.xcassets */ = {isa = PBXFileReference; lastKnownFileType = folder.assetcatalog; path = "Preview Assets.xcassets"; sourceTree = "<group>"; };
		E3F750A22754C02E008832C1 /* CircleImage.swift */ = {isa = PBXFileReference; lastKnownFileType = sourcecode.swift; path = CircleImage.swift; sourceTree = "<group>"; };
		E3F750A42754C3A4008832C1 /* MapView.swift */ = {isa = PBXFileReference; lastKnownFileType = sourcecode.swift; path = MapView.swift; sourceTree = "<group>"; };
/* End PBXFileReference section */

/* Begin PBXFrameworksBuildPhase section */
		E3F7508E2754B573008832C1 /* Frameworks */ = {
			isa = PBXFrameworksBuildPhase;
			buildActionMask = 2147483647;
			files = (
			);
			runOnlyForDeploymentPostprocessing = 0;
		};
/* End PBXFrameworksBuildPhase section */

/* Begin PBXGroup section */
		E35EDBA62755F9D00069AAA9 /* Views */ = {
			isa = PBXGroup;
			children = (
				E3F750962754B573008832C1 /* ContentView.swift */,
				E3EBEC6E2765C24000FB1B1F /* Categories */,
				E3EBEC652765A85C00FB1B1F /* Hikes */,
				E377102227604778000A5539 /* Landmarks */,
				E37710232760477B000A5539 /* Helpers */,
				E377102E27608D67000A5539 /* Badges */,
			);
			path = Views;
			sourceTree = "<group>";
		};
		E35EDBAA2755FA1D0069AAA9 /* Model */ = {
			isa = PBXGroup;
			children = (
				E3EBEC632765A36C00FB1B1F /* Hike.swift */,
				E35EDBA42755E86D0069AAA9 /* ModelData.swift */,
				E35EDBA22755E6990069AAA9 /* Landmark.swift */,
			);
			path = Model;
			sourceTree = "<group>";
		};
		E35EDBAB2755FA280069AAA9 /* Resources */ = {
			isa = PBXGroup;
			children = (
				E35EDBA02755E6780069AAA9 /* landmarkData.json */,
				E3EBEC612765A33C00FB1B1F /* hikeData.json */,
			);
			path = Resources;
			sourceTree = "<group>";
		};
		E377102227604778000A5539 /* Landmarks */ = {
			isa = PBXGroup;
			children = (
				E347BD15275753A400CE1D8E /* FavoriteButton.swift */,
				E3F750A22754C02E008832C1 /* CircleImage.swift */,
				E3F750A42754C3A4008832C1 /* MapView.swift */,
			);
			path = Landmarks;
			sourceTree = "<group>";
		};
		E37710232760477B000A5539 /* Helpers */ = {
			isa = PBXGroup;
			children = (
				E35EDBAC275604C30069AAA9 /* LandmarkRow.swift */,
				E35EDBAE275615B30069AAA9 /* LandmarkList.swift */,
				E35EDBB02756FE050069AAA9 /* LandmarkDetail.swift */,
			);
			path = Helpers;
			sourceTree = "<group>";
		};
		E377102E27608D67000A5539 /* Badges */ = {
			isa = PBXGroup;
			children = (
				E377102427605AC3000A5539 /* HexagonParameters.swift */,
				E377102627606F6A000A5539 /* BadgeBackground.swift */,
				E3771028276084FE000A5539 /* BadgeSymbol.swift */,
				E377102A276089B4000A5539 /* RotatedBadgeSymbol.swift */,
				E377102C27608B32000A5539 /* Badge.swift */,
			);
			path = Badges;
			sourceTree = "<group>";
		};
		E3EBEC652765A85C00FB1B1F /* Hikes */ = {
			isa = PBXGroup;
			children = (
				E3EBEC662765A85C00FB1B1F /* GraphCapsule.swift */,
				E3EBEC672765A85C00FB1B1F /* HikeGraph.swift */,
				E3EBEC682765A85C00FB1B1F /* HikeDetail.swift */,
				E3EBEC692765A85C00FB1B1F /* HikeView.swift */,
			);
			path = Hikes;
			sourceTree = "<group>";
		};
		E3EBEC6E2765C24000FB1B1F /* Categories */ = {
			isa = PBXGroup;
			children = (
				E3EBEC6F2765C27500FB1B1F /* CategoryHome.swift */,
				E3EBEC712765CB3900FB1B1F /* CategoryRow.swift */,
				E3EBEC732765CCBC00FB1B1F /* CategoryItem.swift */,
			);
			path = Categories;
			sourceTree = "<group>";
		};
		E3F750882754B573008832C1 = {
			isa = PBXGroup;
			children = (
				E3F750932754B573008832C1 /* Landmarks */,
				E3F750922754B573008832C1 /* Products */,
			);
			sourceTree = "<group>";
		};
		E3F750922754B573008832C1 /* Products */ = {
			isa = PBXGroup;
			children = (
				E3F750912754B573008832C1 /* Landmarks.app */,
			);
			name = Products;
			sourceTree = "<group>";
		};
		E3F750932754B573008832C1 /* Landmarks */ = {
			isa = PBXGroup;
			children = (
				E3F750942754B573008832C1 /* LandmarksApp.swift */,
				E35EDBAB2755FA280069AAA9 /* Resources */,
				E35EDBAA2755FA1D0069AAA9 /* Model */,
				E35EDBA62755F9D00069AAA9 /* Views */,
				E3F750982754B576008832C1 /* Assets.xcassets */,
				E3F7509A2754B576008832C1 /* Preview Content */,
			);
			path = Landmarks;
			sourceTree = "<group>";
		};
		E3F7509A2754B576008832C1 /* Preview Content */ = {
			isa = PBXGroup;
			children = (
				E3F7509B2754B576008832C1 /* Preview Assets.xcassets */,
			);
			path = "Preview Content";
			sourceTree = "<group>";
		};
/* End PBXGroup section */

/* Begin PBXNativeTarget section */
		E3F750902754B573008832C1 /* Landmarks */ = {
			isa = PBXNativeTarget;
			buildConfigurationList = E3F7509F2754B576008832C1 /* Build configuration list for PBXNativeTarget "Landmarks" */;
			buildPhases = (
				E3F7508D2754B573008832C1 /* Sources */,
				E3F7508E2754B573008832C1 /* Frameworks */,
				E3F7508F2754B573008832C1 /* Resources */,
			);
			buildRules = (
			);
			dependencies = (
			);
			name = Landmarks;
			productName = Landmarks;
			productReference = E3F750912754B573008832C1 /* Landmarks.app */;
			productType = "com.apple.product-type.application";
		};
/* End PBXNativeTarget section */

/* Begin PBXProject section */
		E3F750892754B573008832C1 /* Project object */ = {
			isa = PBXProject;
			attributes = {
				BuildIndependentTargetsInParallel = 1;
				LastSwiftUpdateCheck = 1310;
				LastUpgradeCheck = 1310;
				TargetAttributes = {
					E3F750902754B573008832C1 = {
						CreatedOnToolsVersion = 13.1;
					};
				};
			};
			buildConfigurationList = E3F7508C2754B573008832C1 /* Build configuration list for PBXProject "Landmarks" */;
			compatibilityVersion = "Xcode 13.0";
			developmentRegion = en;
			hasScannedForEncodings = 0;
			knownRegions = (
				en,
				Base,
			);
			mainGroup = E3F750882754B573008832C1;
			productRefGroup = E3F750922754B573008832C1 /* Products */;
			projectDirPath = "";
			projectRoot = "";
			targets = (
				E3F750902754B573008832C1 /* Landmarks */,
			);
		};
/* End PBXProject section */

/* Begin PBXResourcesBuildPhase section */
		E3F7508F2754B573008832C1 /* Resources */ = {
			isa = PBXResourcesBuildPhase;
			buildActionMask = 2147483647;
			files = (
				E3EBEC622765A33C00FB1B1F /* hikeData.json in Resources */,
				E3F7509C2754B576008832C1 /* Preview Assets.xcassets in Resources */,
				E3F750992754B576008832C1 /* Assets.xcassets in Resources */,
				E35EDBA12755E6780069AAA9 /* landmarkData.json in Resources */,
			);
			runOnlyForDeploymentPostprocessing = 0;
		};
/* End PBXResourcesBuildPhase section */

/* Begin PBXSourcesBuildPhase section */
		E3F7508D2754B573008832C1 /* Sources */ = {
			isa = PBXSourcesBuildPhase;
			buildActionMask = 2147483647;
			files = (
				E3EBEC722765CB3900FB1B1F /* CategoryRow.swift in Sources */,
				E3F750972754B573008832C1 /* ContentView.swift in Sources */,
				E3EBEC702765C27500FB1B1F /* CategoryHome.swift in Sources */,
				E3EBEC6B2765A85C00FB1B1F /* HikeGraph.swift in Sources */,
				E377102D27608B32000A5539 /* Badge.swift in Sources */,
				E3F750A52754C3A5008832C1 /* MapView.swift in Sources */,
				E3EBEC6A2765A85C00FB1B1F /* GraphCapsule.swift in Sources */,
				E3F750952754B573008832C1 /* LandmarksApp.swift in Sources */,
				E347BD16275753A400CE1D8E /* FavoriteButton.swift in Sources */,
				E3EBEC742765CCBC00FB1B1F /* CategoryItem.swift in Sources */,
				E3EBEC6C2765A85C00FB1B1F /* HikeDetail.swift in Sources */,
				E377102527605AC3000A5539 /* HexagonParameters.swift in Sources */,
				E3EBEC642765A36C00FB1B1F /* Hike.swift in Sources */,
				E377102B276089B4000A5539 /* RotatedBadgeSymbol.swift in Sources */,
				E3771029276084FE000A5539 /* BadgeSymbol.swift in Sources */,
				E35EDBAF275615B30069AAA9 /* LandmarkList.swift in Sources */,
				E3EBEC6D2765A85C00FB1B1F /* HikeView.swift in Sources */,
				E35EDBB12756FE050069AAA9 /* LandmarkDetail.swift in Sources */,
				E377102727606F6A000A5539 /* BadgeBackground.swift in Sources */,
				E3F750A32754C02E008832C1 /* CircleImage.swift in Sources */,
				E35EDBA32755E6990069AAA9 /* Landmark.swift in Sources */,
				E35EDBAD275604C30069AAA9 /* LandmarkRow.swift in Sources */,
				E35EDBA52755E86D0069AAA9 /* ModelData.swift in Sources */,
			);
			runOnlyForDeploymentPostprocessing = 0;
		};
/* End PBXSourcesBuildPhase section */

/* Begin XCBuildConfiguration section */
		E3F7509D2754B576008832C1 /* Debug */ = {
			isa = XCBuildConfiguration;
			buildSettings = {
				ALWAYS_SEARCH_USER_PATHS = NO;
				CLANG_ANALYZER_NONNULL = YES;
				CLANG_ANALYZER_NUMBER_OBJECT_CONVERSION = YES_AGGRESSIVE;
				CLANG_CXX_LANGUAGE_STANDARD = "gnu++17";
				CLANG_CXX_LIBRARY = "libc++";
				CLANG_ENABLE_MODULES = YES;
				CLANG_ENABLE_OBJC_ARC = YES;
				CLANG_ENABLE_OBJC_WEAK = YES;
				CLANG_WARN_BLOCK_CAPTURE_AUTORELEASING = YES;
				CLANG_WARN_BOOL_CONVERSION = YES;
				CLANG_WARN_COMMA = YES;
				CLANG_WARN_CONSTANT_CONVERSION = YES;
				CLANG_WARN_DEPRECATED_OBJC_IMPLEMENTATIONS = YES;
				CLANG_WARN_DIRECT_OBJC_ISA_USAGE = YES_ERROR;
				CLANG_WARN_DOCUMENTATION_COMMENTS = YES;
				CLANG_WARN_EMPTY_BODY = YES;
				CLANG_WARN_ENUM_CONVERSION = YES;
				CLANG_WARN_INFINITE_RECURSION = YES;
				CLANG_WARN_INT_CONVERSION = YES;
				CLANG_WARN_NON_LITERAL_NULL_CONVERSION = YES;
				CLANG_WARN_OBJC_IMPLICIT_RETAIN_SELF = YES;
				CLANG_WARN_OBJC_LITERAL_CONVERSION = YES;
				CLANG_WARN_OBJC_ROOT_CLASS = YES_ERROR;
				CLANG_WARN_QUOTED_INCLUDE_IN_FRAMEWORK_HEADER = YES;
				CLANG_WARN_RANGE_LOOP_ANALYSIS = YES;
				CLANG_WARN_STRICT_PROTOTYPES = YES;
				CLANG_WARN_SUSPICIOUS_MOVE = YES;
				CLANG_WARN_UNGUARDED_AVAILABILITY = YES_AGGRESSIVE;
				CLANG_WARN_UNREACHABLE_CODE = YES;
				CLANG_WARN__DUPLICATE_METHOD_MATCH = YES;
				COPY_PHASE_STRIP = NO;
				DEBUG_INFORMATION_FORMAT = dwarf;
				ENABLE_STRICT_OBJC_MSGSEND = YES;
				ENABLE_TESTABILITY = YES;
				GCC_C_LANGUAGE_STANDARD = gnu11;
				GCC_DYNAMIC_NO_PIC = NO;
				GCC_NO_COMMON_BLOCKS = YES;
				GCC_OPTIMIZATION_LEVEL = 0;
				GCC_PREPROCESSOR_DEFINITIONS = (
					"DEBUG=1",
					"$(inherited)",
				);
				GCC_WARN_64_TO_32_BIT_CONVERSION = YES;
				GCC_WARN_ABOUT_RETURN_TYPE = YES_ERROR;
				GCC_WARN_UNDECLARED_SELECTOR = YES;
				GCC_WARN_UNINITIALIZED_AUTOS = YES_AGGRESSIVE;
				GCC_WARN_UNUSED_FUNCTION = YES;
				GCC_WARN_UNUSED_VARIABLE = YES;
				IPHONEOS_DEPLOYMENT_TARGET = 15.0;
				MTL_ENABLE_DEBUG_INFO = INCLUDE_SOURCE;
				MTL_FAST_MATH = YES;
				ONLY_ACTIVE_ARCH = YES;
				SDKROOT = iphoneos;
				SWIFT_ACTIVE_COMPILATION_CONDITIONS = DEBUG;
				SWIFT_OPTIMIZATION_LEVEL = "-Onone";
			};
			name = Debug;
		};
		E3F7509E2754B576008832C1 /* Release */ = {
			isa = XCBuildConfiguration;
			buildSettings = {
				ALWAYS_SEARCH_USER_PATHS = NO;
				CLANG_ANALYZER_NONNULL = YES;
				CLANG_ANALYZER_NUMBER_OBJECT_CONVERSION = YES_AGGRESSIVE;
				CLANG_CXX_LANGUAGE_STANDARD = "gnu++17";
				CLANG_CXX_LIBRARY = "libc++";
				CLANG_ENABLE_MODULES = YES;
				CLANG_ENABLE_OBJC_ARC = YES;
				CLANG_ENABLE_OBJC_WEAK = YES;
				CLANG_WARN_BLOCK_CAPTURE_AUTORELEASING = YES;
				CLANG_WARN_BOOL_CONVERSION = YES;
				CLANG_WARN_COMMA = YES;
				CLANG_WARN_CONSTANT_CONVERSION = YES;
				CLANG_WARN_DEPRECATED_OBJC_IMPLEMENTATIONS = YES;
				CLANG_WARN_DIRECT_OBJC_ISA_USAGE = YES_ERROR;
				CLANG_WARN_DOCUMENTATION_COMMENTS = YES;
				CLANG_WARN_EMPTY_BODY = YES;
				CLANG_WARN_ENUM_CONVERSION = YES;
				CLANG_WARN_INFINITE_RECURSION = YES;
				CLANG_WARN_INT_CONVERSION = YES;
				CLANG_WARN_NON_LITERAL_NULL_CONVERSION = YES;
				CLANG_WARN_OBJC_IMPLICIT_RETAIN_SELF = YES;
				CLANG_WARN_OBJC_LITERAL_CONVERSION = YES;
				CLANG_WARN_OBJC_ROOT_CLASS = YES_ERROR;
				CLANG_WARN_QUOTED_INCLUDE_IN_FRAMEWORK_HEADER = YES;
				CLANG_WARN_RANGE_LOOP_ANALYSIS = YES;
				CLANG_WARN_STRICT_PROTOTYPES = YES;
				CLANG_WARN_SUSPICIOUS_MOVE = YES;
				CLANG_WARN_UNGUARDED_AVAILABILITY = YES_AGGRESSIVE;
				CLANG_WARN_UNREACHABLE_CODE = YES;
				CLANG_WARN__DUPLICATE_METHOD_MATCH = YES;
				COPY_PHASE_STRIP = NO;
				DEBUG_INFORMATION_FORMAT = "dwarf-with-dsym";
				ENABLE_NS_ASSERTIONS = NO;
				ENABLE_STRICT_OBJC_MSGSEND = YES;
				GCC_C_LANGUAGE_STANDARD = gnu11;
				GCC_NO_COMMON_BLOCKS = YES;
				GCC_WARN_64_TO_32_BIT_CONVERSION = YES;
				GCC_WARN_ABOUT_RETURN_TYPE = YES_ERROR;
				GCC_WARN_UNDECLARED_SELECTOR = YES;
				GCC_WARN_UNINITIALIZED_AUTOS = YES_AGGRESSIVE;
				GCC_WARN_UNUSED_FUNCTION = YES;
				GCC_WARN_UNUSED_VARIABLE = YES;
				IPHONEOS_DEPLOYMENT_TARGET = 15.0;
				MTL_ENABLE_DEBUG_INFO = NO;
				MTL_FAST_MATH = YES;
				SDKROOT = iphoneos;
				SWIFT_COMPILATION_MODE = wholemodule;
				SWIFT_OPTIMIZATION_LEVEL = "-O";
				VALIDATE_PRODUCT = YES;
			};
			name = Release;
		};
		E3F750A02754B576008832C1 /* Debug */ = {
			isa = XCBuildConfiguration;
			buildSettings = {
				ASSETCATALOG_COMPILER_APPICON_NAME = AppIcon;
				ASSETCATALOG_COMPILER_GLOBAL_ACCENT_COLOR_NAME = AccentColor;
				CODE_SIGN_STYLE = Automatic;
				CURRENT_PROJECT_VERSION = 1;
				DEVELOPMENT_ASSET_PATHS = "\"Landmarks/Preview Content\"";
				DEVELOPMENT_TEAM = DD4UBSQHA8;
				ENABLE_PREVIEWS = YES;
				GENERATE_INFOPLIST_FILE = YES;
				INFOPLIST_KEY_UIApplicationSceneManifest_Generation = YES;
				INFOPLIST_KEY_UIApplicationSupportsIndirectInputEvents = YES;
				INFOPLIST_KEY_UILaunchScreen_Generation = YES;
				INFOPLIST_KEY_UISupportedInterfaceOrientations_iPad = "UIInterfaceOrientationPortrait UIInterfaceOrientationPortraitUpsideDown UIInterfaceOrientationLandscapeLeft UIInterfaceOrientationLandscapeRight";
				INFOPLIST_KEY_UISupportedInterfaceOrientations_iPhone = "UIInterfaceOrientationPortrait UIInterfaceOrientationLandscapeLeft UIInterfaceOrientationLandscapeRight";
				LD_RUNPATH_SEARCH_PATHS = (
					"$(inherited)",
					"@executable_path/Frameworks",
				);
				MARKETING_VERSION = 1.0;
				PRODUCT_BUNDLE_IDENTIFIER = linerlin.Landmarks;
				PRODUCT_NAME = "$(TARGET_NAME)";
				SWIFT_EMIT_LOC_STRINGS = YES;
				SWIFT_VERSION = 5.0;
				TARGETED_DEVICE_FAMILY = "1,2";
			};
			name = Debug;
		};
		E3F750A12754B576008832C1 /* Release */ = {
			isa = XCBuildConfiguration;
			buildSettings = {
				ASSETCATALOG_COMPILER_APPICON_NAME = AppIcon;
				ASSETCATALOG_COMPILER_GLOBAL_ACCENT_COLOR_NAME = AccentColor;
				CODE_SIGN_STYLE = Automatic;
				CURRENT_PROJECT_VERSION = 1;
				DEVELOPMENT_ASSET_PATHS = "\"Landmarks/Preview Content\"";
				DEVELOPMENT_TEAM = DD4UBSQHA8;
				ENABLE_PREVIEWS = YES;
				GENERATE_INFOPLIST_FILE = YES;
				INFOPLIST_KEY_UIApplicationSceneManifest_Generation = YES;
				INFOPLIST_KEY_UIApplicationSupportsIndirectInputEvents = YES;
				INFOPLIST_KEY_UILaunchScreen_Generation = YES;
				INFOPLIST_KEY_UISupportedInterfaceOrientations_iPad = "UIInterfaceOrientationPortrait UIInterfaceOrientationPortraitUpsideDown UIInterfaceOrientationLandscapeLeft UIInterfaceOrientationLandscapeRight";
				INFOPLIST_KEY_UISupportedInterfaceOrientations_iPhone = "UIInterfaceOrientationPortrait UIInterfaceOrientationLandscapeLeft UIInterfaceOrientationLandscapeRight";
				LD_RUNPATH_SEARCH_PATHS = (
					"$(inherited)",
					"@executable_path/Frameworks",
				);
				MARKETING_VERSION = 1.0;
				PRODUCT_BUNDLE_IDENTIFIER = linerlin.Landmarks;
				PRODUCT_NAME = "$(TARGET_NAME)";
				SWIFT_EMIT_LOC_STRINGS = YES;
				SWIFT_VERSION = 5.0;
				TARGETED_DEVICE_FAMILY = "1,2";
			};
			name = Release;
		};
/* End XCBuildConfiguration section */

/* Begin XCConfigurationList section */
		E3F7508C2754B573008832C1 /* Build configuration list for PBXProject "Landmarks" */ = {
			isa = XCConfigurationList;
			buildConfigurations = (
				E3F7509D2754B576008832C1 /* Debug */,
				E3F7509E2754B576008832C1 /* Release */,
			);
			defaultConfigurationIsVisible = 0;
			defaultConfigurationName = Release;
		};
		E3F7509F2754B576008832C1 /* Build configuration list for PBXNativeTarget "Landmarks" */ = {
			isa = XCConfigurationList;
			buildConfigurations = (
				E3F750A02754B576008832C1 /* Debug */,
				E3F750A12754B576008832C1 /* Release */,
			);
			defaultConfigurationIsVisible = 0;
			defaultConfigurationName = Release;
		};
/* End XCConfigurationList section */
	};
	rootObject = E3F750892754B573008832C1 /* Project object */;
}
